
Microsoft Visual Studio Solution File, Format Version 12.00
# Visual Studio Version 17
VisualStudioVersion = 17.0.31919.166
MinimumVisualStudioVersion = 10.0.40219.1
Project("{9A19103F-16F7-4668-BE54-9A1E7A4F7556}") = "WebApi_CODIFICO", "WebApi_CODIFICO\WebApi_CODIFICO.csproj", "{5AC23071-517D-46F7-8EA8-96EB58F5BF2D}"
EndProject
Project("{2150E333-8FDC-42A3-9474-1A3956D46DE8}") = "Solution Items", "Solution Items", "{A397E257-24E5-4ED1-B8B0-1CFA4628AAF9}"
	ProjectSection(SolutionItems) = preProject
		.editorconfig = .editorconfig
		.filenesting.json = .filenesting.json
	EndProjectSection
EndProject
Project("{9A19103F-16F7-4668-BE54-9A1E7A4F7556}") = "UnitTesting.Tests", "UnitTesting.Tests\UnitTesting.Tests.csproj", "{7E37D778-8872-48D3-8D1C-3C99D6A5827F}"
EndProject
Global
	GlobalSection(SolutionConfigurationPlatforms) = preSolution
		Debug|Any CPU = Debug|Any CPU
		Release|Any CPU = Release|Any CPU
	EndGlobalSection
	GlobalSection(ProjectConfigurationPlatforms) = postSolution
		{5AC23071-517D-46F7-8EA8-96EB58F5BF2D}.Debug|Any CPU.ActiveCfg = Debug|Any CPU
		{5AC23071-517D-46F7-8EA8-96EB58F5BF2D}.Debug|Any CPU.Build.0 = Debug|Any CPU
		{5AC23071-517D-46F7-8EA8-96EB58F5BF2D}.Release|Any CPU.ActiveCfg = Release|Any CPU
		{5AC23071-517D-46F7-8EA8-96EB58F5BF2D}.Release|Any CPU.Build.0 = Release|Any CPU
		{7E37D778-8872-48D3-8D1C-3C99D6A5827F}.Debug|Any CPU.ActiveCfg = Debug|Any CPU
		{7E37D778-8872-48D3-8D1C-3C99D6A5827F}.Debug|Any CPU.Build.0 = Debug|Any CPU
		{7E37D778-8872-48D3-8D1C-3C99D6A5827F}.Release|Any CPU.ActiveCfg = Release|Any CPU
		{7E37D778-8872-48D3-8D1C-3C99D6A5827F}.Release|Any CPU.Build.0 = Release|Any CPU
	EndGlobalSection
	GlobalSection(SolutionProperties) = preSolution
		HideSolutionNode = FALSE
	EndGlobalSection
	GlobalSection(ExtensibilityGlobals) = postSolution
		SolutionGuid = {F051B675-88DA-4A50-B046-B81F63770B43}
	EndGlobalSection
EndGlobal
